
Microsoft Visual Studio Solution File, Format Version 12.00
# Visual Studio 2012
Project("{FAE04EC0-301F-11D3-BF4B-00C04F79EFBC}") = "2.3-Geometriska-figurer", "2.3-Geometriska-figurer\2.3-Geometriska-figurer.csproj", "{4E8BD87D-01F7-41B9-BE69-C6EBB5CBECC0}"
EndProject
Global
	GlobalSection(SolutionConfigurationPlatforms) = preSolution
		Debug|Any CPU = Debug|Any CPU
		Release|Any CPU = Release|Any CPU
	EndGlobalSection
	GlobalSection(ProjectConfigurationPlatforms) = postSolution
		{4E8BD87D-01F7-41B9-BE69-C6EBB5CBECC0}.Debug|Any CPU.ActiveCfg = Debug|Any CPU
		{4E8BD87D-01F7-41B9-BE69-C6EBB5CBECC0}.Debug|Any CPU.Build.0 = Debug|Any CPU
		{4E8BD87D-01F7-41B9-BE69-C6EBB5CBECC0}.Release|Any CPU.ActiveCfg = Release|Any CPU
		{4E8BD87D-01F7-41B9-BE69-C6EBB5CBECC0}.Release|Any CPU.Build.0 = Release|Any CPU
	EndGlobalSection
	GlobalSection(SolutionProperties) = preSolution
		HideSolutionNode = FALSE
	EndGlobalSection
EndGlobal
